
Microsoft Visual Studio Solution File, Format Version 12.00
# Visual Studio 15
Project("{FAE04EC0-301F-11D3-BF4B-00C04F79EFBC}") = "Assembly-CSharp", "Assembly-CSharp.csproj", "{27C07406-1A4C-3D7C-A066-74EE89E0C32C}"
EndProject
Project("{FAE04EC0-301F-11D3-BF4B-00C04F79EFBC}") = "Assembly-CSharp-Editor", "Assembly-CSharp-Editor.csproj", "{CFF61294-1817-0A7D-6901-12624B16ED56}"
EndProject
Global
	GlobalSection(SolutionConfigurationPlatforms) = preSolution
		Debug|Any CPU = Debug|Any CPU
		Release|Any CPU = Release|Any CPU
	EndGlobalSection
	GlobalSection(ProjectConfigurationPlatforms) = postSolution
		{27C07406-1A4C-3D7C-A066-74EE89E0C32C}.Debug|Any CPU.ActiveCfg = Debug|Any CPU
		{27C07406-1A4C-3D7C-A066-74EE89E0C32C}.Debug|Any CPU.Build.0 = Debug|Any CPU
		{27C07406-1A4C-3D7C-A066-74EE89E0C32C}.Release|Any CPU.ActiveCfg = Release|Any CPU
		{27C07406-1A4C-3D7C-A066-74EE89E0C32C}.Release|Any CPU.Build.0 = Release|Any CPU
		{CFF61294-1817-0A7D-6901-12624B16ED56}.Debug|Any CPU.ActiveCfg = Debug|Any CPU
		{CFF61294-1817-0A7D-6901-12624B16ED56}.Debug|Any CPU.Build.0 = Debug|Any CPU
		{CFF61294-1817-0A7D-6901-12624B16ED56}.Release|Any CPU.ActiveCfg = Release|Any CPU
		{CFF61294-1817-0A7D-6901-12624B16ED56}.Release|Any CPU.Build.0 = Release|Any CPU
	EndGlobalSection
	GlobalSection(SolutionProperties) = preSolution
		HideSolutionNode = FALSE
	EndGlobalSection
EndGlobal
